
Microsoft Visual Studio Solution File, Format Version 12.00
# Visual Studio Version 17
VisualStudioVersion = 17.10.35027.167
MinimumVisualStudioVersion = 10.0.40219.1
Project("{9A19103F-16F7-4668-BE54-9A1E7A4F7556}") = "IRLIX.Auth.Web", "IRLIX.Auth.Web\IRLIX.Auth.Web.csproj", "{9A53CE12-8267-48EF-8A21-EAD559F5F60B}"
EndProject
Project("{9A19103F-16F7-4668-BE54-9A1E7A4F7556}") = "IRLIX.Contracts", "IRLIX.Contracts\IRLIX.Contracts.csproj", "{757AC65D-4F9D-4208-8896-4FCA9B7E5F6D}"
EndProject
Project("{9A19103F-16F7-4668-BE54-9A1E7A4F7556}") = "IRLIX.BL", "IRLIX.BL\IRLIX.BL.csproj", "{0ECFA9B7-EE1D-4C8F-9F4C-CB28C96DE5D8}"
EndProject
Project("{2150E333-8FDC-42A3-9474-1A3956D46DE8}") = "Core", "Core", "{85D3D2DA-EE03-4D36-BF1B-881A2570CD04}"
EndProject
Project("{9A19103F-16F7-4668-BE54-9A1E7A4F7556}") = "Core\IRLIX.Mq.Local.MediatR", "Core\IRLIX.Mq.Local.MediatR\IRLIX.Mq.Local.MediatR.csproj", "{BA0AE4F1-8903-4CBE-9DEC-A03E19070ABF}"
EndProject
Project("{9A19103F-16F7-4668-BE54-9A1E7A4F7556}") = "Core\IRLIX.Mq", "Core\IRLIX.Mq\IRLIX.Mq.csproj", "{D4B0B537-927D-4BB6-8A37-6BF653B3694E}"
EndProject
Project("{9A19103F-16F7-4668-BE54-9A1E7A4F7556}") = "Core\IRLIX.Context", "Core\IRLIX.Context\IRLIX.Context.csproj", "{91D8ED46-6297-4E62-9490-2033B3D797F6}"
EndProject
Project("{9A19103F-16F7-4668-BE54-9A1E7A4F7556}") = "Core\IRLIX.Core", "Core\IRLIX.Core\IRLIX.Core.csproj", "{38CC10EA-C253-43FD-8A83-0AEABE2B6B0B}"
EndProject
Project("{9A19103F-16F7-4668-BE54-9A1E7A4F7556}") = "Core\IRLIX.Aggregator", "Core\IRLIX.Aggregator\IRLIX.Aggregator.csproj", "{9CCC171B-CDEB-4DA1-AFC0-EAE256AE30F4}"
EndProject
Project("{9A19103F-16F7-4668-BE54-9A1E7A4F7556}") = "Core\IRLIX.Web", "Core\IRLIX.Web\IRLIX.Web.csproj", "{D698011B-359A-424D-AFCC-07AF22AD2BA0}"
EndProject
Project("{9A19103F-16F7-4668-BE54-9A1E7A4F7556}") = "Core\IRLIX.Comm.Emails.MailKit.Gmail", "Core\IRLIX.Comm.Emails.MailKit.Gmail\IRLIX.Comm.Emails.MailKit.Gmail.csproj", "{00669AF5-4F74-4ABE-B66E-87EAC52F6753}"
EndProject
Project("{9A19103F-16F7-4668-BE54-9A1E7A4F7556}") = "Core\IRLIX.Comm.Emails.MailKit", "Core\IRLIX.Comm.Emails.MailKit\IRLIX.Comm.Emails.MailKit.csproj", "{49BF92F7-212B-462B-AD48-48BC93D64D4E}"
EndProject
Project("{9A19103F-16F7-4668-BE54-9A1E7A4F7556}") = "Core\IRLIX.Context.Web", "Core\IRLIX.Context.Web\IRLIX.Context.Web.csproj", "{EA5F0494-8B26-4389-A1D3-23E8A850A8CC}"
EndProject
Project("{9A19103F-16F7-4668-BE54-9A1E7A4F7556}") = "Core\IRLIX.Web.Identity", "Core\IRLIX.Web.Identity\IRLIX.Web.Identity.csproj", "{2CCF8D30-060A-4E56-A075-0FFF67E85D61}"
EndProject
Project("{9A19103F-16F7-4668-BE54-9A1E7A4F7556}") = "Core\IRLIX.Context.Web.Identity", "Core\IRLIX.Context.Web.Identity\IRLIX.Context.Web.Identity.csproj", "{0619B55C-842D-489F-B06E-48C3C035F315}"
EndProject
Project("{9A19103F-16F7-4668-BE54-9A1E7A4F7556}") = "Core\IRLIX.Di", "Core\IRLIX.Di\IRLIX.Di.csproj", "{82DD3190-B67F-4458-AD28-57448D6E5CEB}"
EndProject
Project("{9A19103F-16F7-4668-BE54-9A1E7A4F7556}") = "Core\IRLIX.Ef", "Core\IRLIX.Ef\IRLIX.Ef.csproj", "{0A003A7D-B8F5-441A-9450-1F4558D81704}"
EndProject
Project("{9A19103F-16F7-4668-BE54-9A1E7A4F7556}") = "Core\IRLIX.Ef.PostgreSql", "Core\IRLIX.Ef.PostgreSql\IRLIX.Ef.PostgreSql.csproj", "{1933E109-C4E3-4970-A533-AB10CA9A3A77}"
EndProject
Project("{9A19103F-16F7-4668-BE54-9A1E7A4F7556}") = "Core\IRLIX.Http.Polly", "Core\IRLIX.Http.Polly\IRLIX.Http.Polly.csproj", "{3511C765-25F8-4CBF-B15A-5F7FBF4AA2FF}"
EndProject
Project("{9A19103F-16F7-4668-BE54-9A1E7A4F7556}") = "Core\IRLIX.Http", "Core\IRLIX.Http\IRLIX.Http.csproj", "{B960E63A-AE01-4644-B4C8-4349C5B130BC}"
EndProject
Project("{9A19103F-16F7-4668-BE54-9A1E7A4F7556}") = "Core\IRLIX.IpMapping.ApiIpLocation", "Core\IRLIX.IpMapping.ApiIpLocation\IRLIX.IpMapping.ApiIpLocation.csproj", "{0BC10E41-62D0-4725-B727-2EFE2DC57497}"
EndProject
Project("{9A19103F-16F7-4668-BE54-9A1E7A4F7556}") = "Core\IRLIX.IpMapping", "Core\IRLIX.IpMapping\IRLIX.IpMapping.csproj", "{D6163C3F-30D7-43E7-9C55-443176754CA3}"
EndProject
Project("{9A19103F-16F7-4668-BE54-9A1E7A4F7556}") = "Core\IRLIX.IpMapping.IpApi", "Core\IRLIX.IpMapping.IpApi\IRLIX.IpMapping.IpApi.csproj", "{94028A85-EFCB-46D3-9892-D32BD00E33A3}"
EndProject
Project("{9A19103F-16F7-4668-BE54-9A1E7A4F7556}") = "Core\IRLIX.Jobs.Hangfire", "Core\IRLIX.Jobs.Hangfire\IRLIX.Jobs.Hangfire.csproj", "{ED6DC255-D1D1-4FDE-B739-D71231CEE165}"
EndProject
Project("{9A19103F-16F7-4668-BE54-9A1E7A4F7556}") = "Core\IRLIX.Jobs.Hangfire.PostgreSql", "Core\IRLIX.Jobs.Hangfire.PostgreSql\IRLIX.Jobs.Hangfire.PostgreSql.csproj", "{E96C20DE-31FF-4B25-80B1-50BB54433FA8}"
EndProject
Project("{9A19103F-16F7-4668-BE54-9A1E7A4F7556}") = "Core\IRLIX.L11n", "Core\IRLIX.L11n\IRLIX.L11n.csproj", "{56F32A70-BF9D-47D6-9A6C-DE22995A7579}"
EndProject
Project("{9A19103F-16F7-4668-BE54-9A1E7A4F7556}") = "Core\IRLIX.Logging", "Core\IRLIX.Logging\IRLIX.Logging.csproj", "{679E2642-FCD9-45E3-A584-9183EA1066C4}"
EndProject
Project("{9A19103F-16F7-4668-BE54-9A1E7A4F7556}") = "Core\IRLIX.Web.Cookie", "Core\IRLIX.Web.Cookie\IRLIX.Web.Cookie.csproj", "{911B280D-7346-413F-9562-4A2D2AE9C277}"
EndProject
Project("{9A19103F-16F7-4668-BE54-9A1E7A4F7556}") = "Core\IRLIX.Web.Polling", "Core\IRLIX.Web.Polling\IRLIX.Web.Polling.csproj", "{18E707D4-B32A-4304-B2F1-27347D50D32D}"
EndProject
Project("{9A19103F-16F7-4668-BE54-9A1E7A4F7556}") = "Core\IRLIX.Ef.Identity", "Core\IRLIX.Ef.Identity\IRLIX.Ef.Identity.csproj", "{14EB9BDE-C2B1-4C96-B390-9821E664CE68}"
EndProject
Project("{9A19103F-16F7-4668-BE54-9A1E7A4F7556}") = "Core\IRLIX.Web.RateLimiter", "Core\IRLIX.Web.RateLimiter\IRLIX.Web.RateLimiter.csproj", "{F1F427C3-8966-4628-A9F0-AB1CBD47FEE4}"
EndProject
Project("{9A19103F-16F7-4668-BE54-9A1E7A4F7556}") = "Core\IRLIX.Web.Swagger", "Core\IRLIX.Web.Swagger\IRLIX.Web.Swagger.csproj", "{B3B93C0C-DA6D-42B8-A80E-D9251CC963B2}"
EndProject
Project("{9A19103F-16F7-4668-BE54-9A1E7A4F7556}") = "Core\IRLIX.Web.Validation.FluentValidation", "Core\IRLIX.Web.Validation.FluentValidation\IRLIX.Web.Validation.FluentValidation.csproj", "{F0A55FF3-6A43-40A9-A0C1-8CA92A915874}"
EndProject
Global
	GlobalSection(SolutionConfigurationPlatforms) = preSolution
		Debug|Any CPU = Debug|Any CPU
		Release|Any CPU = Release|Any CPU
	EndGlobalSection
	GlobalSection(ProjectConfigurationPlatforms) = postSolution
		{9A53CE12-8267-48EF-8A21-EAD559F5F60B}.Debug|Any CPU.ActiveCfg = Debug|Any CPU
		{9A53CE12-8267-48EF-8A21-EAD559F5F60B}.Debug|Any CPU.Build.0 = Debug|Any CPU
		{9A53CE12-8267-48EF-8A21-EAD559F5F60B}.Release|Any CPU.ActiveCfg = Release|Any CPU
		{9A53CE12-8267-48EF-8A21-EAD559F5F60B}.Release|Any CPU.Build.0 = Release|Any CPU
		{757AC65D-4F9D-4208-8896-4FCA9B7E5F6D}.Debug|Any CPU.ActiveCfg = Debug|Any CPU
		{757AC65D-4F9D-4208-8896-4FCA9B7E5F6D}.Debug|Any CPU.Build.0 = Debug|Any CPU
		{757AC65D-4F9D-4208-8896-4FCA9B7E5F6D}.Release|Any CPU.ActiveCfg = Release|Any CPU
		{757AC65D-4F9D-4208-8896-4FCA9B7E5F6D}.Release|Any CPU.Build.0 = Release|Any CPU
		{0ECFA9B7-EE1D-4C8F-9F4C-CB28C96DE5D8}.Debug|Any CPU.ActiveCfg = Debug|Any CPU
		{0ECFA9B7-EE1D-4C8F-9F4C-CB28C96DE5D8}.Debug|Any CPU.Build.0 = Debug|Any CPU
		{0ECFA9B7-EE1D-4C8F-9F4C-CB28C96DE5D8}.Release|Any CPU.ActiveCfg = Release|Any CPU
		{0ECFA9B7-EE1D-4C8F-9F4C-CB28C96DE5D8}.Release|Any CPU.Build.0 = Release|Any CPU
		{BA0AE4F1-8903-4CBE-9DEC-A03E19070ABF}.Debug|Any CPU.ActiveCfg = Debug|Any CPU
		{BA0AE4F1-8903-4CBE-9DEC-A03E19070ABF}.Debug|Any CPU.Build.0 = Debug|Any CPU
		{BA0AE4F1-8903-4CBE-9DEC-A03E19070ABF}.Release|Any CPU.ActiveCfg = Release|Any CPU
		{BA0AE4F1-8903-4CBE-9DEC-A03E19070ABF}.Release|Any CPU.Build.0 = Release|Any CPU
		{D4B0B537-927D-4BB6-8A37-6BF653B3694E}.Debug|Any CPU.ActiveCfg = Debug|Any CPU
		{D4B0B537-927D-4BB6-8A37-6BF653B3694E}.Debug|Any CPU.Build.0 = Debug|Any CPU
		{D4B0B537-927D-4BB6-8A37-6BF653B3694E}.Release|Any CPU.ActiveCfg = Release|Any CPU
		{D4B0B537-927D-4BB6-8A37-6BF653B3694E}.Release|Any CPU.Build.0 = Release|Any CPU
		{91D8ED46-6297-4E62-9490-2033B3D797F6}.Debug|Any CPU.ActiveCfg = Debug|Any CPU
		{91D8ED46-6297-4E62-9490-2033B3D797F6}.Debug|Any CPU.Build.0 = Debug|Any CPU
		{91D8ED46-6297-4E62-9490-2033B3D797F6}.Release|Any CPU.ActiveCfg = Release|Any CPU
		{91D8ED46-6297-4E62-9490-2033B3D797F6}.Release|Any CPU.Build.0 = Release|Any CPU
		{38CC10EA-C253-43FD-8A83-0AEABE2B6B0B}.Debug|Any CPU.ActiveCfg = Debug|Any CPU
		{38CC10EA-C253-43FD-8A83-0AEABE2B6B0B}.Debug|Any CPU.Build.0 = Debug|Any CPU
		{38CC10EA-C253-43FD-8A83-0AEABE2B6B0B}.Release|Any CPU.ActiveCfg = Release|Any CPU
		{38CC10EA-C253-43FD-8A83-0AEABE2B6B0B}.Release|Any CPU.Build.0 = Release|Any CPU
		{9CCC171B-CDEB-4DA1-AFC0-EAE256AE30F4}.Debug|Any CPU.ActiveCfg = Debug|Any CPU
		{9CCC171B-CDEB-4DA1-AFC0-EAE256AE30F4}.Debug|Any CPU.Build.0 = Debug|Any CPU
		{9CCC171B-CDEB-4DA1-AFC0-EAE256AE30F4}.Release|Any CPU.ActiveCfg = Release|Any CPU
		{9CCC171B-CDEB-4DA1-AFC0-EAE256AE30F4}.Release|Any CPU.Build.0 = Release|Any CPU
		{D698011B-359A-424D-AFCC-07AF22AD2BA0}.Debug|Any CPU.ActiveCfg = Debug|Any CPU
		{D698011B-359A-424D-AFCC-07AF22AD2BA0}.Debug|Any CPU.Build.0 = Debug|Any CPU
		{D698011B-359A-424D-AFCC-07AF22AD2BA0}.Release|Any CPU.ActiveCfg = Release|Any CPU
		{D698011B-359A-424D-AFCC-07AF22AD2BA0}.Release|Any CPU.Build.0 = Release|Any CPU
		{00669AF5-4F74-4ABE-B66E-87EAC52F6753}.Debug|Any CPU.ActiveCfg = Debug|Any CPU
		{00669AF5-4F74-4ABE-B66E-87EAC52F6753}.Debug|Any CPU.Build.0 = Debug|Any CPU
		{00669AF5-4F74-4ABE-B66E-87EAC52F6753}.Release|Any CPU.ActiveCfg = Release|Any CPU
		{00669AF5-4F74-4ABE-B66E-87EAC52F6753}.Release|Any CPU.Build.0 = Release|Any CPU
		{49BF92F7-212B-462B-AD48-48BC93D64D4E}.Debug|Any CPU.ActiveCfg = Debug|Any CPU
		{49BF92F7-212B-462B-AD48-48BC93D64D4E}.Debug|Any CPU.Build.0 = Debug|Any CPU
		{49BF92F7-212B-462B-AD48-48BC93D64D4E}.Release|Any CPU.ActiveCfg = Release|Any CPU
		{49BF92F7-212B-462B-AD48-48BC93D64D4E}.Release|Any CPU.Build.0 = Release|Any CPU
		{EA5F0494-8B26-4389-A1D3-23E8A850A8CC}.Debug|Any CPU.ActiveCfg = Debug|Any CPU
		{EA5F0494-8B26-4389-A1D3-23E8A850A8CC}.Debug|Any CPU.Build.0 = Debug|Any CPU
		{EA5F0494-8B26-4389-A1D3-23E8A850A8CC}.Release|Any CPU.ActiveCfg = Release|Any CPU
		{EA5F0494-8B26-4389-A1D3-23E8A850A8CC}.Release|Any CPU.Build.0 = Release|Any CPU
		{2CCF8D30-060A-4E56-A075-0FFF67E85D61}.Debug|Any CPU.ActiveCfg = Debug|Any CPU
		{2CCF8D30-060A-4E56-A075-0FFF67E85D61}.Debug|Any CPU.Build.0 = Debug|Any CPU
		{2CCF8D30-060A-4E56-A075-0FFF67E85D61}.Release|Any CPU.ActiveCfg = Release|Any CPU
		{2CCF8D30-060A-4E56-A075-0FFF67E85D61}.Release|Any CPU.Build.0 = Release|Any CPU
		{0619B55C-842D-489F-B06E-48C3C035F315}.Debug|Any CPU.ActiveCfg = Debug|Any CPU
		{0619B55C-842D-489F-B06E-48C3C035F315}.Debug|Any CPU.Build.0 = Debug|Any CPU
		{0619B55C-842D-489F-B06E-48C3C035F315}.Release|Any CPU.ActiveCfg = Release|Any CPU
		{0619B55C-842D-489F-B06E-48C3C035F315}.Release|Any CPU.Build.0 = Release|Any CPU
		{82DD3190-B67F-4458-AD28-57448D6E5CEB}.Debug|Any CPU.ActiveCfg = Debug|Any CPU
		{82DD3190-B67F-4458-AD28-57448D6E5CEB}.Debug|Any CPU.Build.0 = Debug|Any CPU
		{82DD3190-B67F-4458-AD28-57448D6E5CEB}.Release|Any CPU.ActiveCfg = Release|Any CPU
		{82DD3190-B67F-4458-AD28-57448D6E5CEB}.Release|Any CPU.Build.0 = Release|Any CPU
		{0A003A7D-B8F5-441A-9450-1F4558D81704}.Debug|Any CPU.ActiveCfg = Debug|Any CPU
		{0A003A7D-B8F5-441A-9450-1F4558D81704}.Debug|Any CPU.Build.0 = Debug|Any CPU
		{0A003A7D-B8F5-441A-9450-1F4558D81704}.Release|Any CPU.ActiveCfg = Release|Any CPU
		{0A003A7D-B8F5-441A-9450-1F4558D81704}.Release|Any CPU.Build.0 = Release|Any CPU
		{1933E109-C4E3-4970-A533-AB10CA9A3A77}.Debug|Any CPU.ActiveCfg = Debug|Any CPU
		{1933E109-C4E3-4970-A533-AB10CA9A3A77}.Debug|Any CPU.Build.0 = Debug|Any CPU
		{1933E109-C4E3-4970-A533-AB10CA9A3A77}.Release|Any CPU.ActiveCfg = Release|Any CPU
		{1933E109-C4E3-4970-A533-AB10CA9A3A77}.Release|Any CPU.Build.0 = Release|Any CPU
		{3511C765-25F8-4CBF-B15A-5F7FBF4AA2FF}.Debug|Any CPU.ActiveCfg = Debug|Any CPU
		{3511C765-25F8-4CBF-B15A-5F7FBF4AA2FF}.Debug|Any CPU.Build.0 = Debug|Any CPU
		{3511C765-25F8-4CBF-B15A-5F7FBF4AA2FF}.Release|Any CPU.ActiveCfg = Release|Any CPU
		{3511C765-25F8-4CBF-B15A-5F7FBF4AA2FF}.Release|Any CPU.Build.0 = Release|Any CPU
		{B960E63A-AE01-4644-B4C8-4349C5B130BC}.Debug|Any CPU.ActiveCfg = Debug|Any CPU
		{B960E63A-AE01-4644-B4C8-4349C5B130BC}.Debug|Any CPU.Build.0 = Debug|Any CPU
		{B960E63A-AE01-4644-B4C8-4349C5B130BC}.Release|Any CPU.ActiveCfg = Release|Any CPU
		{B960E63A-AE01-4644-B4C8-4349C5B130BC}.Release|Any CPU.Build.0 = Release|Any CPU
		{0BC10E41-62D0-4725-B727-2EFE2DC57497}.Debug|Any CPU.ActiveCfg = Debug|Any CPU
		{0BC10E41-62D0-4725-B727-2EFE2DC57497}.Debug|Any CPU.Build.0 = Debug|Any CPU
		{0BC10E41-62D0-4725-B727-2EFE2DC57497}.Release|Any CPU.ActiveCfg = Release|Any CPU
		{0BC10E41-62D0-4725-B727-2EFE2DC57497}.Release|Any CPU.Build.0 = Release|Any CPU
		{D6163C3F-30D7-43E7-9C55-443176754CA3}.Debug|Any CPU.ActiveCfg = Debug|Any CPU
		{D6163C3F-30D7-43E7-9C55-443176754CA3}.Debug|Any CPU.Build.0 = Debug|Any CPU
		{D6163C3F-30D7-43E7-9C55-443176754CA3}.Release|Any CPU.ActiveCfg = Release|Any CPU
		{D6163C3F-30D7-43E7-9C55-443176754CA3}.Release|Any CPU.Build.0 = Release|Any CPU
		{94028A85-EFCB-46D3-9892-D32BD00E33A3}.Debug|Any CPU.ActiveCfg = Debug|Any CPU
		{94028A85-EFCB-46D3-9892-D32BD00E33A3}.Debug|Any CPU.Build.0 = Debug|Any CPU
		{94028A85-EFCB-46D3-9892-D32BD00E33A3}.Release|Any CPU.ActiveCfg = Release|Any CPU
		{94028A85-EFCB-46D3-9892-D32BD00E33A3}.Release|Any CPU.Build.0 = Release|Any CPU
		{ED6DC255-D1D1-4FDE-B739-D71231CEE165}.Debug|Any CPU.ActiveCfg = Debug|Any CPU
		{ED6DC255-D1D1-4FDE-B739-D71231CEE165}.Debug|Any CPU.Build.0 = Debug|Any CPU
		{ED6DC255-D1D1-4FDE-B739-D71231CEE165}.Release|Any CPU.ActiveCfg = Release|Any CPU
		{ED6DC255-D1D1-4FDE-B739-D71231CEE165}.Release|Any CPU.Build.0 = Release|Any CPU
		{E96C20DE-31FF-4B25-80B1-50BB54433FA8}.Debug|Any CPU.ActiveCfg = Debug|Any CPU
		{E96C20DE-31FF-4B25-80B1-50BB54433FA8}.Debug|Any CPU.Build.0 = Debug|Any CPU
		{E96C20DE-31FF-4B25-80B1-50BB54433FA8}.Release|Any CPU.ActiveCfg = Release|Any CPU
		{E96C20DE-31FF-4B25-80B1-50BB54433FA8}.Release|Any CPU.Build.0 = Release|Any CPU
		{56F32A70-BF9D-47D6-9A6C-DE22995A7579}.Debug|Any CPU.ActiveCfg = Debug|Any CPU
		{56F32A70-BF9D-47D6-9A6C-DE22995A7579}.Debug|Any CPU.Build.0 = Debug|Any CPU
		{56F32A70-BF9D-47D6-9A6C-DE22995A7579}.Release|Any CPU.ActiveCfg = Release|Any CPU
		{56F32A70-BF9D-47D6-9A6C-DE22995A7579}.Release|Any CPU.Build.0 = Release|Any CPU
		{679E2642-FCD9-45E3-A584-9183EA1066C4}.Debug|Any CPU.ActiveCfg = Debug|Any CPU
		{679E2642-FCD9-45E3-A584-9183EA1066C4}.Debug|Any CPU.Build.0 = Debug|Any CPU
		{679E2642-FCD9-45E3-A584-9183EA1066C4}.Release|Any CPU.ActiveCfg = Release|Any CPU
		{679E2642-FCD9-45E3-A584-9183EA1066C4}.Release|Any CPU.Build.0 = Release|Any CPU
		{911B280D-7346-413F-9562-4A2D2AE9C277}.Debug|Any CPU.ActiveCfg = Debug|Any CPU
		{911B280D-7346-413F-9562-4A2D2AE9C277}.Debug|Any CPU.Build.0 = Debug|Any CPU
		{911B280D-7346-413F-9562-4A2D2AE9C277}.Release|Any CPU.ActiveCfg = Release|Any CPU
		{911B280D-7346-413F-9562-4A2D2AE9C277}.Release|Any CPU.Build.0 = Release|Any CPU
		{18E707D4-B32A-4304-B2F1-27347D50D32D}.Debug|Any CPU.ActiveCfg = Debug|Any CPU
		{18E707D4-B32A-4304-B2F1-27347D50D32D}.Debug|Any CPU.Build.0 = Debug|Any CPU
		{18E707D4-B32A-4304-B2F1-27347D50D32D}.Release|Any CPU.ActiveCfg = Release|Any CPU
		{18E707D4-B32A-4304-B2F1-27347D50D32D}.Release|Any CPU.Build.0 = Release|Any CPU
		{14EB9BDE-C2B1-4C96-B390-9821E664CE68}.Debug|Any CPU.ActiveCfg = Debug|Any CPU
		{14EB9BDE-C2B1-4C96-B390-9821E664CE68}.Debug|Any CPU.Build.0 = Debug|Any CPU
		{14EB9BDE-C2B1-4C96-B390-9821E664CE68}.Release|Any CPU.ActiveCfg = Release|Any CPU
		{14EB9BDE-C2B1-4C96-B390-9821E664CE68}.Release|Any CPU.Build.0 = Release|Any CPU
		{F1F427C3-8966-4628-A9F0-AB1CBD47FEE4}.Debug|Any CPU.ActiveCfg = Debug|Any CPU
		{F1F427C3-8966-4628-A9F0-AB1CBD47FEE4}.Debug|Any CPU.Build.0 = Debug|Any CPU
		{F1F427C3-8966-4628-A9F0-AB1CBD47FEE4}.Release|Any CPU.ActiveCfg = Release|Any CPU
		{F1F427C3-8966-4628-A9F0-AB1CBD47FEE4}.Release|Any CPU.Build.0 = Release|Any CPU
		{B3B93C0C-DA6D-42B8-A80E-D9251CC963B2}.Debug|Any CPU.ActiveCfg = Debug|Any CPU
		{B3B93C0C-DA6D-42B8-A80E-D9251CC963B2}.Debug|Any CPU.Build.0 = Debug|Any CPU
		{B3B93C0C-DA6D-42B8-A80E-D9251CC963B2}.Release|Any CPU.ActiveCfg = Release|Any CPU
		{B3B93C0C-DA6D-42B8-A80E-D9251CC963B2}.Release|Any CPU.Build.0 = Release|Any CPU
		{F0A55FF3-6A43-40A9-A0C1-8CA92A915874}.Debug|Any CPU.ActiveCfg = Debug|Any CPU
		{F0A55FF3-6A43-40A9-A0C1-8CA92A915874}.Debug|Any CPU.Build.0 = Debug|Any CPU
		{F0A55FF3-6A43-40A9-A0C1-8CA92A915874}.Release|Any CPU.ActiveCfg = Release|Any CPU
		{F0A55FF3-6A43-40A9-A0C1-8CA92A915874}.Release|Any CPU.Build.0 = Release|Any CPU
	EndGlobalSection
	GlobalSection(SolutionProperties) = preSolution
		HideSolutionNode = FALSE
	EndGlobalSection
	GlobalSection(NestedProjects) = preSolution
		{BA0AE4F1-8903-4CBE-9DEC-A03E19070ABF} = {85D3D2DA-EE03-4D36-BF1B-881A2570CD04}
		{D4B0B537-927D-4BB6-8A37-6BF653B3694E} = {85D3D2DA-EE03-4D36-BF1B-881A2570CD04}
		{91D8ED46-6297-4E62-9490-2033B3D797F6} = {85D3D2DA-EE03-4D36-BF1B-881A2570CD04}
		{38CC10EA-C253-43FD-8A83-0AEABE2B6B0B} = {85D3D2DA-EE03-4D36-BF1B-881A2570CD04}
		{9CCC171B-CDEB-4DA1-AFC0-EAE256AE30F4} = {85D3D2DA-EE03-4D36-BF1B-881A2570CD04}
		{D698011B-359A-424D-AFCC-07AF22AD2BA0} = {85D3D2DA-EE03-4D36-BF1B-881A2570CD04}
		{00669AF5-4F74-4ABE-B66E-87EAC52F6753} = {85D3D2DA-EE03-4D36-BF1B-881A2570CD04}
		{49BF92F7-212B-462B-AD48-48BC93D64D4E} = {85D3D2DA-EE03-4D36-BF1B-881A2570CD04}
		{EA5F0494-8B26-4389-A1D3-23E8A850A8CC} = {85D3D2DA-EE03-4D36-BF1B-881A2570CD04}
		{2CCF8D30-060A-4E56-A075-0FFF67E85D61} = {85D3D2DA-EE03-4D36-BF1B-881A2570CD04}
		{0619B55C-842D-489F-B06E-48C3C035F315} = {85D3D2DA-EE03-4D36-BF1B-881A2570CD04}
		{82DD3190-B67F-4458-AD28-57448D6E5CEB} = {85D3D2DA-EE03-4D36-BF1B-881A2570CD04}
		{0A003A7D-B8F5-441A-9450-1F4558D81704} = {85D3D2DA-EE03-4D36-BF1B-881A2570CD04}
		{1933E109-C4E3-4970-A533-AB10CA9A3A77} = {85D3D2DA-EE03-4D36-BF1B-881A2570CD04}
		{3511C765-25F8-4CBF-B15A-5F7FBF4AA2FF} = {85D3D2DA-EE03-4D36-BF1B-881A2570CD04}
		{B960E63A-AE01-4644-B4C8-4349C5B130BC} = {85D3D2DA-EE03-4D36-BF1B-881A2570CD04}
		{0BC10E41-62D0-4725-B727-2EFE2DC57497} = {85D3D2DA-EE03-4D36-BF1B-881A2570CD04}
		{D6163C3F-30D7-43E7-9C55-443176754CA3} = {85D3D2DA-EE03-4D36-BF1B-881A2570CD04}
		{94028A85-EFCB-46D3-9892-D32BD00E33A3} = {85D3D2DA-EE03-4D36-BF1B-881A2570CD04}
		{ED6DC255-D1D1-4FDE-B739-D71231CEE165} = {85D3D2DA-EE03-4D36-BF1B-881A2570CD04}
		{E96C20DE-31FF-4B25-80B1-50BB54433FA8} = {85D3D2DA-EE03-4D36-BF1B-881A2570CD04}
		{56F32A70-BF9D-47D6-9A6C-DE22995A7579} = {85D3D2DA-EE03-4D36-BF1B-881A2570CD04}
		{679E2642-FCD9-45E3-A584-9183EA1066C4} = {85D3D2DA-EE03-4D36-BF1B-881A2570CD04}
		{911B280D-7346-413F-9562-4A2D2AE9C277} = {85D3D2DA-EE03-4D36-BF1B-881A2570CD04}
		{18E707D4-B32A-4304-B2F1-27347D50D32D} = {85D3D2DA-EE03-4D36-BF1B-881A2570CD04}
		{14EB9BDE-C2B1-4C96-B390-9821E664CE68} = {85D3D2DA-EE03-4D36-BF1B-881A2570CD04}
		{F1F427C3-8966-4628-A9F0-AB1CBD47FEE4} = {85D3D2DA-EE03-4D36-BF1B-881A2570CD04}
		{B3B93C0C-DA6D-42B8-A80E-D9251CC963B2} = {85D3D2DA-EE03-4D36-BF1B-881A2570CD04}
		{F0A55FF3-6A43-40A9-A0C1-8CA92A915874} = {85D3D2DA-EE03-4D36-BF1B-881A2570CD04}
	EndGlobalSection
	GlobalSection(ExtensibilityGlobals) = postSolution
		SolutionGuid = {C40882FA-CFD3-4A71-937C-25CC92436A34}
	EndGlobalSection
EndGlobal
